// !$*UTF8*$!
{
	archiveVersion = 1;
	classes = {
	};
	objectVersion = 46;
	objects = {

/* Begin PBXBuildFile section */
		962923AE1EDA7CAA00037E35 /* AppDelegate.swift in Sources */ = {isa = PBXBuildFile; fileRef = 962923AD1EDA7CAA00037E35 /* AppDelegate.swift */; };
		962923B01EDA7CAA00037E35 /* ViewController.swift in Sources */ = {isa = PBXBuildFile; fileRef = 962923AF1EDA7CAA00037E35 /* ViewController.swift */; };
		962923B31EDA7CAA00037E35 /* Main.storyboard in Resources */ = {isa = PBXBuildFile; fileRef = 962923B11EDA7CAA00037E35 /* Main.storyboard */; };
		962923B51EDA7CAA00037E35 /* Assets.xcassets in Resources */ = {isa = PBXBuildFile; fileRef = 962923B41EDA7CAA00037E35 /* Assets.xcassets */; };
		962923B81EDA7CAA00037E35 /* LaunchScreen.storyboard in Resources */ = {isa = PBXBuildFile; fileRef = 962923B61EDA7CAA00037E35 /* LaunchScreen.storyboard */; };
		962923C01EDA7FD200037E35 /* Utility.swift in Sources */ = {isa = PBXBuildFile; fileRef = 962923BF1EDA7FD200037E35 /* Utility.swift */; };
		962923C21EDA80E000037E35 /* CategoryCell.swift in Sources */ = {isa = PBXBuildFile; fileRef = 962923C11EDA80E000037E35 /* CategoryCell.swift */; };
		962923C41EDA844900037E35 /* Extensions.swift in Sources */ = {isa = PBXBuildFile; fileRef = 962923C31EDA844900037E35 /* Extensions.swift */; };
		962923C61EDA99D500037E35 /* Models.swift in Sources */ = {isa = PBXBuildFile; fileRef = 962923C51EDA99D500037E35 /* Models.swift */; };
		962923C81EDB17B900037E35 /* AppDetailController.swift in Sources */ = {isa = PBXBuildFile; fileRef = 962923C71EDB17B900037E35 /* AppDetailController.swift */; };
		962923CA1EDB3BAA00037E35 /* ScreenshotsCell.swift in Sources */ = {isa = PBXBuildFile; fileRef = 962923C91EDB3BAA00037E35 /* ScreenshotsCell.swift */; };
/* End PBXBuildFile section */

/* Begin PBXFileReference section */
		962923AA1EDA7CAA00037E35 /* AppStoreClone.app */ = {isa = PBXFileReference; explicitFileType = wrapper.application; includeInIndex = 0; path = AppStoreClone.app; sourceTree = BUILT_PRODUCTS_DIR; };
		962923AD1EDA7CAA00037E35 /* AppDelegate.swift */ = {isa = PBXFileReference; lastKnownFileType = sourcecode.swift; path = AppDelegate.swift; sourceTree = "<group>"; };
		962923AF1EDA7CAA00037E35 /* ViewController.swift */ = {isa = PBXFileReference; lastKnownFileType = sourcecode.swift; path = ViewController.swift; sourceTree = "<group>"; };
		962923B21EDA7CAA00037E35 /* Base */ = {isa = PBXFileReference; lastKnownFileType = file.storyboard; name = Base; path = Base.lproj/Main.storyboard; sourceTree = "<group>"; };
		962923B41EDA7CAA00037E35 /* Assets.xcassets */ = {isa = PBXFileReference; lastKnownFileType = folder.assetcatalog; path = Assets.xcassets; sourceTree = "<group>"; };
		962923B71EDA7CAA00037E35 /* Base */ = {isa = PBXFileReference; lastKnownFileType = file.storyboard; name = Base; path = Base.lproj/LaunchScreen.storyboard; sourceTree = "<group>"; };
		962923B91EDA7CAA00037E35 /* Info.plist */ = {isa = PBXFileReference; lastKnownFileType = text.plist.xml; path = Info.plist; sourceTree = "<group>"; };
		962923BF1EDA7FD200037E35 /* Utility.swift */ = {isa = PBXFileReference; fileEncoding = 4; lastKnownFileType = sourcecode.swift; path = Utility.swift; sourceTree = "<group>"; };
		962923C11EDA80E000037E35 /* CategoryCell.swift */ = {isa = PBXFileReference; fileEncoding = 4; lastKnownFileType = sourcecode.swift; path = CategoryCell.swift; sourceTree = "<group>"; };
		962923C31EDA844900037E35 /* Extensions.swift */ = {isa = PBXFileReference; fileEncoding = 4; lastKnownFileType = sourcecode.swift; path = Extensions.swift; sourceTree = "<group>"; };
		962923C51EDA99D500037E35 /* Models.swift */ = {isa = PBXFileReference; fileEncoding = 4; lastKnownFileType = sourcecode.swift; path = Models.swift; sourceTree = "<group>"; };
		962923C71EDB17B900037E35 /* AppDetailController.swift */ = {isa = PBXFileReference; fileEncoding = 4; lastKnownFileType = sourcecode.swift; path = AppDetailController.swift; sourceTree = "<group>"; };
		962923C91EDB3BAA00037E35 /* ScreenshotsCell.swift */ = {isa = PBXFileReference; fileEncoding = 4; lastKnownFileType = sourcecode.swift; path = ScreenshotsCell.swift; sourceTree = "<group>"; };
/* End PBXFileReference section */

/* Begin PBXFrameworksBuildPhase section */
		962923A71EDA7CAA00037E35 /* Frameworks */ = {
			isa = PBXFrameworksBuildPhase;
			buildActionMask = 2147483647;
			files = (
			);
			runOnlyForDeploymentPostprocessing = 0;
		};
/* End PBXFrameworksBuildPhase section */

/* Begin PBXGroup section */
		962923A11EDA7CAA00037E35 = {
			isa = PBXGroup;
			children = (
				962923AC1EDA7CAA00037E35 /* AppStoreClone */,
				962923AB1EDA7CAA00037E35 /* Products */,
			);
			sourceTree = "<group>";
		};
		962923AB1EDA7CAA00037E35 /* Products */ = {
			isa = PBXGroup;
			children = (
				962923AA1EDA7CAA00037E35 /* AppStoreClone.app */,
			);
			name = Products;
			sourceTree = "<group>";
		};
		962923AC1EDA7CAA00037E35 /* AppStoreClone */ = {
			isa = PBXGroup;
			children = (
				962923AD1EDA7CAA00037E35 /* AppDelegate.swift */,
				962923AF1EDA7CAA00037E35 /* ViewController.swift */,
				962923C71EDB17B900037E35 /* AppDetailController.swift */,
				962923C91EDB3BAA00037E35 /* ScreenshotsCell.swift */,
				962923C51EDA99D500037E35 /* Models.swift */,
				962923C11EDA80E000037E35 /* CategoryCell.swift */,
				962923BF1EDA7FD200037E35 /* Utility.swift */,
				962923C31EDA844900037E35 /* Extensions.swift */,
				962923B11EDA7CAA00037E35 /* Main.storyboard */,
				962923B41EDA7CAA00037E35 /* Assets.xcassets */,
				962923B61EDA7CAA00037E35 /* LaunchScreen.storyboard */,
				962923B91EDA7CAA00037E35 /* Info.plist */,
			);
			path = AppStoreClone;
			sourceTree = "<group>";
		};
/* End PBXGroup section */

/* Begin PBXNativeTarget section */
		962923A91EDA7CAA00037E35 /* AppStoreClone */ = {
			isa = PBXNativeTarget;
			buildConfigurationList = 962923BC1EDA7CAA00037E35 /* Build configuration list for PBXNativeTarget "AppStoreClone" */;
			buildPhases = (
				962923A61EDA7CAA00037E35 /* Sources */,
				962923A71EDA7CAA00037E35 /* Frameworks */,
				962923A81EDA7CAA00037E35 /* Resources */,
			);
			buildRules = (
			);
			dependencies = (
			);
			name = AppStoreClone;
			productName = AppStoreClone;
			productReference = 962923AA1EDA7CAA00037E35 /* AppStoreClone.app */;
			productType = "com.apple.product-type.application";
		};
/* End PBXNativeTarget section */

/* Begin PBXProject section */
		962923A21EDA7CAA00037E35 /* Project object */ = {
			isa = PBXProject;
			attributes = {
				LastSwiftUpdateCheck = 0830;
				LastUpgradeCheck = 0830;
				ORGANIZATIONNAME = VamshiKrishna;
				TargetAttributes = {
					962923A91EDA7CAA00037E35 = {
						CreatedOnToolsVersion = 8.3.2;
						DevelopmentTeam = BJBC582Q56;
						ProvisioningStyle = Automatic;
					};
				};
			};
			buildConfigurationList = 962923A51EDA7CAA00037E35 /* Build configuration list for PBXProject "AppStoreClone" */;
			compatibilityVersion = "Xcode 3.2";
			developmentRegion = English;
			hasScannedForEncodings = 0;
			knownRegions = (
				en,
				Base,
			);
			mainGroup = 962923A11EDA7CAA00037E35;
			productRefGroup = 962923AB1EDA7CAA00037E35 /* Products */;
			projectDirPath = "";
			projectRoot = "";
			targets = (
				962923A91EDA7CAA00037E35 /* AppStoreClone */,
			);
		};
/* End PBXProject section */

/* Begin PBXResourcesBuildPhase section */
		962923A81EDA7CAA00037E35 /* Resources */ = {
			isa = PBXResourcesBuildPhase;
			buildActionMask = 2147483647;
			files = (
				962923B81EDA7CAA00037E35 /* LaunchScreen.storyboard in Resources */,
				962923B51EDA7CAA00037E35 /* Assets.xcassets in Resources */,
				962923B31EDA7CAA00037E35 /* Main.storyboard in Resources */,
			);
			runOnlyForDeploymentPostprocessing = 0;
		};
/* End PBXResourcesBuildPhase section */

/* Begin PBXSourcesBuildPhase section */
		962923A61EDA7CAA00037E35 /* Sources */ = {
			isa = PBXSourcesBuildPhase;
			buildActionMask = 2147483647;
			files = (
				962923C81EDB17B900037E35 /* AppDetailController.swift in Sources */,
				962923CA1EDB3BAA00037E35 /* ScreenshotsCell.swift in Sources */,
				962923C41EDA844900037E35 /* Extensions.swift in Sources */,
				962923B01EDA7CAA00037E35 /* ViewController.swift in Sources */,
				962923AE1EDA7CAA00037E35 /* AppDelegate.swift in Sources */,
				962923C61EDA99D500037E35 /* Models.swift in Sources */,
				962923C01EDA7FD200037E35 /* Utility.swift in Sources */,
				962923C21EDA80E000037E35 /* CategoryCell.swift in Sources */,
			);
			runOnlyForDeploymentPostprocessing = 0;
		};
/* End PBXSourcesBuildPhase section */

/* Begin PBXVariantGroup section */
		962923B11EDA7CAA00037E35 /* Main.storyboard */ = {
			isa = PBXVariantGroup;
			children = (
				962923B21EDA7CAA00037E35 /* Base */,
			);
			name = Main.storyboard;
			sourceTree = "<group>";
		};
		962923B61EDA7CAA00037E35 /* LaunchScreen.storyboard */ = {
			isa = PBXVariantGroup;
			children = (
				962923B71EDA7CAA00037E35 /* Base */,
			);
			name = LaunchScreen.storyboard;
			sourceTree = "<group>";
		};
/* End PBXVariantGroup section */

/* Begin XCBuildConfiguration section */
		962923BA1EDA7CAA00037E35 /* Debug */ = {
			isa = XCBuildConfiguration;
			buildSettings = {
				ALWAYS_SEARCH_USER_PATHS = NO;
				CLANG_ANALYZER_NONNULL = YES;
				CLANG_ANALYZER_NUMBER_OBJECT_CONVERSION = YES_AGGRESSIVE;
				CLANG_CXX_LANGUAGE_STANDARD = "gnu++0x";
				CLANG_CXX_LIBRARY = "libc++";
				CLANG_ENABLE_MODULES = YES;
				CLANG_ENABLE_OBJC_ARC = YES;
				CLANG_WARN_BOOL_CONVERSION = YES;
				CLANG_WARN_CONSTANT_CONVERSION = YES;
				CLANG_WARN_DIRECT_OBJC_ISA_USAGE = YES_ERROR;
				CLANG_WARN_DOCUMENTATION_COMMENTS = YES;
				CLANG_WARN_EMPTY_BODY = YES;
				CLANG_WARN_ENUM_CONVERSION = YES;
				CLANG_WARN_INFINITE_RECURSION = YES;
				CLANG_WARN_INT_CONVERSION = YES;
				CLANG_WARN_OBJC_ROOT_CLASS = YES_ERROR;
				CLANG_WARN_SUSPICIOUS_MOVE = YES;
				CLANG_WARN_UNREACHABLE_CODE = YES;
				CLANG_WARN__DUPLICATE_METHOD_MATCH = YES;
				"CODE_SIGN_IDENTITY[sdk=iphoneos*]" = "iPhone Developer";
				COPY_PHASE_STRIP = NO;
				DEBUG_INFORMATION_FORMAT = dwarf;
				ENABLE_STRICT_OBJC_MSGSEND = YES;
				ENABLE_TESTABILITY = YES;
				GCC_C_LANGUAGE_STANDARD = gnu99;
				GCC_DYNAMIC_NO_PIC = NO;
				GCC_NO_COMMON_BLOCKS = YES;
				GCC_OPTIMIZATION_LEVEL = 0;
				GCC_PREPROCESSOR_DEFINITIONS = (
					"DEBUG=1",
					"$(inherited)",
				);
				GCC_WARN_64_TO_32_BIT_CONVERSION = YES;
				GCC_WARN_ABOUT_RETURN_TYPE = YES_ERROR;
				GCC_WARN_UNDECLARED_SELECTOR = YES;
				GCC_WARN_UNINITIALIZED_AUTOS = YES_AGGRESSIVE;
				GCC_WARN_UNUSED_FUNCTION = YES;
				GCC_WARN_UNUSED_VARIABLE = YES;
				IPHONEOS_DEPLOYMENT_TARGET = 10.3;
				MTL_ENABLE_DEBUG_INFO = YES;
				ONLY_ACTIVE_ARCH = YES;
				SDKROOT = iphoneos;
				SWIFT_ACTIVE_COMPILATION_CONDITIONS = DEBUG;
				SWIFT_OPTIMIZATION_LEVEL = "-Onone";
			};
			name = Debug;
		};
		962923BB1EDA7CAA00037E35 /* Release */ = {
			isa = XCBuildConfiguration;
			buildSettings = {
				ALWAYS_SEARCH_USER_PATHS = NO;
				CLANG_ANALYZER_NONNULL = YES;
				CLANG_ANALYZER_NUMBER_OBJECT_CONVERSION = YES_AGGRESSIVE;
				CLANG_CXX_LANGUAGE_STANDARD = "gnu++0x";
				CLANG_CXX_LIBRARY = "libc++";
				CLANG_ENABLE_MODULES = YES;
				CLANG_ENABLE_OBJC_ARC = YES;
				CLANG_WARN_BOOL_CONVERSION = YES;
				CLANG_WARN_CONSTANT_CONVERSION = YES;
				CLANG_WARN_DIRECT_OBJC_ISA_USAGE = YES_ERROR;
				CLANG_WARN_DOCUMENTATION_COMMENTS = YES;
				CLANG_WARN_EMPTY_BODY = YES;
				CLANG_WARN_ENUM_CONVERSION = YES;
				CLANG_WARN_INFINITE_RECURSION = YES;
				CLANG_WARN_INT_CONVERSION = YES;
				CLANG_WARN_OBJC_ROOT_CLASS = YES_ERROR;
				CLANG_WARN_SUSPICIOUS_MOVE = YES;
				CLANG_WARN_UNREACHABLE_CODE = YES;
				CLANG_WARN__DUPLICATE_METHOD_MATCH = YES;
				"CODE_SIGN_IDENTITY[sdk=iphoneos*]" = "iPhone Developer";
				COPY_PHASE_STRIP = NO;
				DEBUG_INFORMATION_FORMAT = "dwarf-with-dsym";
				ENABLE_NS_ASSERTIONS = NO;
				ENABLE_STRICT_OBJC_MSGSEND = YES;
				GCC_C_LANGUAGE_STANDARD = gnu99;
				GCC_NO_COMMON_BLOCKS = YES;
				GCC_WARN_64_TO_32_BIT_CONVERSION = YES;
				GCC_WARN_ABOUT_RETURN_TYPE = YES_ERROR;
				GCC_WARN_UNDECLARED_SELECTOR = YES;
				GCC_WARN_UNINITIALIZED_AUTOS = YES_AGGRESSIVE;
				GCC_WARN_UNUSED_FUNCTION = YES;
				GCC_WARN_UNUSED_VARIABLE = YES;
				IPHONEOS_DEPLOYMENT_TARGET = 10.3;
				MTL_ENABLE_DEBUG_INFO = NO;
				SDKROOT = iphoneos;
				SWIFT_OPTIMIZATION_LEVEL = "-Owholemodule";
				VALIDATE_PRODUCT = YES;
			};
			name = Release;
		};
		962923BD1EDA7CAA00037E35 /* Debug */ = {
			isa = XCBuildConfiguration;
			buildSettings = {
				ASSETCATALOG_COMPILER_APPICON_NAME = AppIcon;
				DEVELOPMENT_TEAM = BJBC582Q56;
				INFOPLIST_FILE = AppStoreClone/Info.plist;
				LD_RUNPATH_SEARCH_PATHS = "$(inherited) @executable_path/Frameworks";
				PRODUCT_BUNDLE_IDENTIFIER = VamshiKrishna.AppStoreClone;
				PRODUCT_NAME = "$(TARGET_NAME)";
				SWIFT_VERSION = 3.0;
			};
			name = Debug;
		};
		962923BE1EDA7CAA00037E35 /* Release */ = {
			isa = XCBuildConfiguration;
			buildSettings = {
				ASSETCATALOG_COMPILER_APPICON_NAME = AppIcon;
				DEVELOPMENT_TEAM = BJBC582Q56;
				INFOPLIST_FILE = AppStoreClone/Info.plist;
				LD_RUNPATH_SEARCH_PATHS = "$(inherited) @executable_path/Frameworks";
				PRODUCT_BUNDLE_IDENTIFIER = VamshiKrishna.AppStoreClone;
				PRODUCT_NAME = "$(TARGET_NAME)";
				SWIFT_VERSION = 3.0;
			};
			name = Release;
		};
/* End XCBuildConfiguration section */

/* Begin XCConfigurationList section */
		962923A51EDA7CAA00037E35 /* Build configuration list for PBXProject "AppStoreClone" */ = {
			isa = XCConfigurationList;
			buildConfigurations = (
				962923BA1EDA7CAA00037E35 /* Debug */,
				962923BB1EDA7CAA00037E35 /* Release */,
			);
			defaultConfigurationIsVisible = 0;
			defaultConfigurationName = Release;
		};
		962923BC1EDA7CAA00037E35 /* Build configuration list for PBXNativeTarget "AppStoreClone" */ = {
			isa = XCConfigurationList;
			buildConfigurations = (
				962923BD1EDA7CAA00037E35 /* Debug */,
				962923BE1EDA7CAA00037E35 /* Release */,
			);
			defaultConfigurationIsVisible = 0;
		};
/* End XCConfigurationList section */
	};
	rootObject = 962923A21EDA7CAA00037E35 /* Project object */;
}
